{
  "name": "filestack-react-example",
  "version": "0.0.0",
  "lockfileVersion": 1,
  "requires": true,
  "dependencies": {
    "@babel/helper-plugin-utils": {
      "version": "7.10.4",
      "resolved": "https://registry.npmjs.org/@babel/helper-plugin-utils/-/helper-plugin-utils-7.10.4.tgz",
      "integrity": "sha512-O4KCvQA6lLiMU9l2eawBPMf1xPP8xPfB3iEQw150hOVTqj/rfXz0ThTb4HEzqQfs2Bmo5Ay8BzxfzVtBrr9dVg==",
      "dev": true
    },
    "@babel/plugin-syntax-object-rest-spread": {
      "version": "7.8.3",
      "resolved": "https://registry.npmjs.org/@babel/plugin-syntax-object-rest-spread/-/plugin-syntax-object-rest-spread-7.8.3.tgz",
      "integrity": "sha512-XoqMijGZb9y3y2XskN+P1wUGiVwWZ5JmoDRwx5+3GmEplNyVM2s2Dg8ILFQm8rWM48orGy5YpI5Bl8U1y7ydlA==",
      "dev": true,
      "requires": {
        "@babel/helper-plugin-utils": "^7.8.0"
      }
    },
    "filestack-react": {
      "version": "file:..",
      "requires": {
        "filestack-js": "^3.20.0"
      }
    },
    "react": {
      "version": "file:../node_modules/react",
      "integrity": "sha512-0X2CImDkJGApiAlcf0ODKIneSwBPhqJawOa5wCtKbu7ZECrmS26NvtSILynQ66cgkT/RJ4LidJOc3bUESwmU8g==",
      "requires": {
        "loose-envify": "^1.1.0",
        "object-assign": "^4.1.1",
        "prop-types": "^15.6.2"
      }
    },
    "react-dom": {
      "version": "file:../node_modules/react-dom",
      "integrity": "sha512-1gCeQXDLoIqMgqD3IO2Ah9bnf0w9kzhwN5q4FGnHZ67hBm9yePzB5JJAIQCc8x3pFnNlwFq4RidZggNAAkzWWw==",
      "requires": {
        "loose-envify": "^1.1.0",
        "object-assign": "^4.1.1",
        "prop-types": "^15.6.2",
        "scheduler": "^0.19.1"
      }
    },
    "react-scripts": {
      "version": "file:../node_modules/react-scripts",
      "integrity": "sha512-7J7GZyF/QvZkKAZLneiOIhHozvOMHey7hO9cdO9u68jjhGZlI8hDdOm6UyuHofn6Ajc9Uji5I6Psm/nKNuWdyw==",
      "requires": {
        "@babel/core": "7.9.0",
        "@svgr/webpack": "4.3.3",
        "@typescript-eslint/eslint-plugin": "^2.10.0",
        "@typescript-eslint/parser": "^2.10.0",
        "babel-eslint": "10.1.0",
        "babel-jest": "^24.9.0",
        "babel-loader": "8.1.0",
        "babel-plugin-named-asset-import": "^0.3.6",
        "babel-preset-react-app": "^9.1.2",
        "camelcase": "^5.3.1",
        "case-sensitive-paths-webpack-plugin": "2.3.0",
        "css-loader": "3.4.2",
        "dotenv": "8.2.0",
        "dotenv-expand": "5.1.0",
        "eslint": "^6.6.0",
        "eslint-config-react-app": "^5.2.1",
        "eslint-loader": "3.0.3",
        "eslint-plugin-flowtype": "4.6.0",
        "eslint-plugin-import": "2.20.1",
        "eslint-plugin-jsx-a11y": "6.2.3",
        "eslint-plugin-react": "7.19.0",
        "eslint-plugin-react-hooks": "^1.6.1",
        "file-loader": "4.3.0",
        "fs-extra": "^8.1.0",
        "fsevents": "2.1.2",
        "html-webpack-plugin": "4.0.0-beta.11",
        "identity-obj-proxy": "3.0.0",
        "jest": "24.9.0",
        "jest-environment-jsdom-fourteen": "1.0.1",
        "jest-resolve": "24.9.0",
        "jest-watch-typeahead": "0.4.2",
        "mini-css-extract-plugin": "0.9.0",
        "optimize-css-assets-webpack-plugin": "5.0.3",
        "pnp-webpack-plugin": "1.6.4",
        "postcss-flexbugs-fixes": "4.1.0",
        "postcss-loader": "3.0.0",
        "postcss-normalize": "8.0.1",
        "postcss-preset-env": "6.7.0",
        "postcss-safe-parser": "4.0.1",
        "react-app-polyfill": "^1.0.6",
        "react-dev-utils": "^10.2.1",
        "resolve": "1.15.0",
        "resolve-url-loader": "3.1.2",
        "sass-loader": "8.0.2",
        "semver": "6.3.0",
        "style-loader": "0.23.1",
        "terser-webpack-plugin": "2.3.8",
        "ts-pnp": "1.1.6",
        "url-loader": "2.3.0",
        "webpack": "4.42.0",
        "webpack-dev-server": "3.11.0",
        "webpack-manifest-plugin": "2.2.0",
        "workbox-webpack-plugin": "4.3.1"
      }
    }
  }
}
